<?xml version="1.0" encoding="utf-8"?>
<Project ToolsVersion="4.0" xmlns="http://schemas.microsoft.com/developer/msbuild/2003">
  <ItemGroup>
    <Filter Include="Source Files">
      <UniqueIdentifier>{4FC737F1-C7A5-4376-A066-2A32D752A2FF}</UniqueIdentifier>
      <Extensions>cpp;c;cc;cxx;def;odl;idl;hpj;bat;asm;asmx</Extensions>
    </Filter>
    <Filter Include="Header Files">
      <UniqueIdentifier>{93995380-89BD-4b04-88EB-625FBE52EBFB}</UniqueIdentifier>
      <Extensions>h;hh;hpp;hxx;hm;inl;inc;xsd</Extensions>
    </Filter>
    <Filter Include="Resource Files">
      <UniqueIdentifier>{67DA6AB6-F800-4c08-8B7A-83BB121AAD01}</UniqueIdentifier>
      <Extensions>rc;ico;cur;bmp;dlg;rc2;rct;bin;rgs;gif;jpg;jpeg;jpe;resx;tiff;tif;png;wav;mfcribbon-ms</Extensions>
    </Filter>
  </ItemGroup>
  <ItemGroup>
    <ClCompile Include="main.cpp">
      <Filter>Source Files</Filter>
    </ClCompile>
    <ClCompile Include="UserWithSigningAuthority.cpp">
      <Filter>Source Files</Filter>
    </ClCompile>
    <ClCompile Include="PublicKey.cpp">
      <Filter>Source Files</Filter>
    </ClCompile>
    <ClCompile Include="PrivateKey.cpp">
      <Filter>Source Files</Filter>
    </ClCompile>
    <ClCompile Include="..\third-party\cryptopp\3way.cpp">
      <Filter>Source Files</Filter>
    </ClCompile>
    <ClCompile Include="..\third-party\cryptopp\adhoc.cpp">
      <Filter>Source Files</Filter>
    </ClCompile>
    <ClCompile Include="..\third-party\cryptopp\adler32.cpp">
      <Filter>Source Files</Filter>
    </ClCompile>
    <ClCompile Include="..\third-party\cryptopp\algebra.cpp">
      <Filter>Source Files</Filter>
    </ClCompile>
    <ClCompile Include="..\third-party\cryptopp\algparam.cpp">
      <Filter>Source Files</Filter>
    </ClCompile>
    <ClCompile Include="..\third-party\cryptopp\allocate.cpp">
      <Filter>Source Files</Filter>
    </ClCompile>
    <ClCompile Include="..\third-party\cryptopp\arc4.cpp">
      <Filter>Source Files</Filter>
    </ClCompile>
    <ClCompile Include="..\third-party\cryptopp\aria.cpp">
      <Filter>Source Files</Filter>
    </ClCompile>
    <ClCompile Include="..\third-party\cryptopp\aria_simd.cpp">
      <Filter>Source Files</Filter>
    </ClCompile>
    <ClCompile Include="..\third-party\cryptopp\ariatab.cpp">
      <Filter>Source Files</Filter>
    </ClCompile>
    <ClCompile Include="..\third-party\cryptopp\asn.cpp">
      <Filter>Source Files</Filter>
    </ClCompile>
    <ClCompile Include="..\third-party\cryptopp\authenc.cpp">
      <Filter>Source Files</Filter>
    </ClCompile>
    <ClCompile Include="..\third-party\cryptopp\base32.cpp">
      <Filter>Source Files</Filter>
    </ClCompile>
    <ClCompile Include="..\third-party\cryptopp\base64.cpp">
      <Filter>Source Files</Filter>
    </ClCompile>
    <ClCompile Include="..\third-party\cryptopp\basecode.cpp">
      <Filter>Source Files</Filter>
    </ClCompile>
    <ClCompile Include="..\third-party\cryptopp\bench1.cpp">
      <Filter>Source Files</Filter>
    </ClCompile>
    <ClCompile Include="..\third-party\cryptopp\bench2.cpp">
      <Filter>Source Files</Filter>
    </ClCompile>
    <ClCompile Include="..\third-party\cryptopp\bench3.cpp">
      <Filter>Source Files</Filter>
    </ClCompile>
    <ClCompile Include="..\third-party\cryptopp\bfinit.cpp">
      <Filter>Source Files</Filter>
    </ClCompile>
    <ClCompile Include="..\third-party\cryptopp\blake2.cpp">
      <Filter>Source Files</Filter>
    </ClCompile>
    <ClCompile Include="..\third-party\cryptopp\blake2b_simd.cpp">
      <Filter>Source Files</Filter>
    </ClCompile>
    <ClCompile Include="..\third-party\cryptopp\blake2s_simd.cpp">
      <Filter>Source Files</Filter>
    </ClCompile>
    <ClCompile Include="..\third-party\cryptopp\blowfish.cpp">
      <Filter>Source Files</Filter>
    </ClCompile>
    <ClCompile Include="..\third-party\cryptopp\blumshub.cpp">
      <Filter>Source Files</Filter>
    </ClCompile>
    <ClCompile Include="..\third-party\cryptopp\camellia.cpp">
      <Filter>Source Files</Filter>
    </ClCompile>
    <ClCompile Include="..\third-party\cryptopp\cast.cpp">
      <Filter>Source Files</Filter>
    </ClCompile>
    <ClCompile Include="..\third-party\cryptopp\casts.cpp">
      <Filter>Source Files</Filter>
    </ClCompile>
    <ClCompile Include="..\third-party\cryptopp\cbcmac.cpp">
      <Filter>Source Files</Filter>
    </ClCompile>
    <ClCompile Include="..\third-party\cryptopp\ccm.cpp">
      <Filter>Source Files</Filter>
    </ClCompile>
    <ClCompile Include="..\third-party\cryptopp\chacha.cpp">
      <Filter>Source Files</Filter>
    </ClCompile>
    <ClCompile Include="..\third-party\cryptopp\chacha_avx.cpp">
      <Filter>Source Files</Filter>
    </ClCompile>
    <ClCompile Include="..\third-party\cryptopp\chacha_simd.cpp">
      <Filter>Source Files</Filter>
    </ClCompile>
    <ClCompile Include="..\third-party\cryptopp\chachapoly.cpp">
      <Filter>Source Files</Filter>
    </ClCompile>
    <ClCompile Include="..\third-party\cryptopp\cham.cpp">
      <Filter>Source Files</Filter>
    </ClCompile>
    <ClCompile Include="..\third-party\cryptopp\cham_simd.cpp">
      <Filter>Source Files</Filter>
    </ClCompile>
    <ClCompile Include="..\third-party\cryptopp\channels.cpp">
      <Filter>Source Files</Filter>
    </ClCompile>
    <ClCompile Include="..\third-party\cryptopp\cmac.cpp">
      <Filter>Source Files</Filter>
    </ClCompile>
    <ClCompile Include="..\third-party\cryptopp\cpu.cpp">
      <Filter>Source Files</Filter>
    </ClCompile>
    <ClCompile Include="..\third-party\cryptopp\crc.cpp">
      <Filter>Source Files</Filter>
    </ClCompile>
    <ClCompile Include="..\third-party\cryptopp\crc_simd.cpp">
      <Filter>Source Files</Filter>
    </ClCompile>
    <ClCompile Include="..\third-party\cryptopp\cryptlib.cpp">
      <Filter>Source Files</Filter>
    </ClCompile>
    <ClCompile Include="..\third-party\cryptopp\darn.cpp">
      <Filter>Source Files</Filter>
    </ClCompile>
    <ClCompile Include="..\third-party\cryptopp\datatest.cpp">
      <Filter>Source Files</Filter>
    </ClCompile>
    <ClCompile Include="..\third-party\cryptopp\default.cpp">
      <Filter>Source Files</Filter>
    </ClCompile>
    <ClCompile Include="..\third-party\cryptopp\des.cpp">
      <Filter>Source Files</Filter>
    </ClCompile>
    <ClCompile Include="..\third-party\cryptopp\dessp.cpp">
      <Filter>Source Files</Filter>
    </ClCompile>
    <ClCompile Include="..\third-party\cryptopp\dh.cpp">
      <Filter>Source Files</Filter>
    </ClCompile>
    <ClCompile Include="..\third-party\cryptopp\dh2.cpp">
      <Filter>Source Files</Filter>
    </ClCompile>
    <ClCompile Include="..\third-party\cryptopp\dll.cpp">
      <Filter>Source Files</Filter>
    </ClCompile>
    <ClCompile Include="..\third-party\cryptopp\dlltest.cpp">
      <Filter>Source Files</Filter>
    </ClCompile>
    <ClCompile Include="..\third-party\cryptopp\donna_32.cpp">
      <Filter>Source Files</Filter>
    </ClCompile>
    <ClCompile Include="..\third-party\cryptopp\donna_64.cpp">
      <Filter>Source Files</Filter>
    </ClCompile>
    <ClCompile Include="..\third-party\cryptopp\donna_sse.cpp">
      <Filter>Source Files</Filter>
    </ClCompile>
    <ClCompile Include="..\third-party\cryptopp\dsa.cpp">
      <Filter>Source Files</Filter>
    </ClCompile>
    <ClCompile Include="..\third-party\cryptopp\eax.cpp">
      <Filter>Source Files</Filter>
    </ClCompile>
    <ClCompile Include="..\third-party\cryptopp\ec2n.cpp">
      <Filter>Source Files</Filter>
    </ClCompile>
    <ClCompile Include="..\third-party\cryptopp\eccrypto.cpp">
      <Filter>Source Files</Filter>
    </ClCompile>
    <ClCompile Include="..\third-party\cryptopp\ecp.cpp">
      <Filter>Source Files</Filter>
    </ClCompile>
    <ClCompile Include="..\third-party\cryptopp\elgamal.cpp">
      <Filter>Source Files</Filter>
    </ClCompile>
    <ClCompile Include="..\third-party\cryptopp\emsa2.cpp">
      <Filter>Source Files</Filter>
    </ClCompile>
    <ClCompile Include="..\third-party\cryptopp\eprecomp.cpp">
      <Filter>Source Files</Filter>
    </ClCompile>
    <ClCompile Include="..\third-party\cryptopp\esign.cpp">
      <Filter>Source Files</Filter>
    </ClCompile>
    <ClCompile Include="..\third-party\cryptopp\files.cpp">
      <Filter>Source Files</Filter>
    </ClCompile>
    <ClCompile Include="..\third-party\cryptopp\filters.cpp">
      <Filter>Source Files</Filter>
    </ClCompile>
    <ClCompile Include="..\third-party\cryptopp\fips140.cpp">
      <Filter>Source Files</Filter>
    </ClCompile>
    <ClCompile Include="..\third-party\cryptopp\fipsalgt.cpp">
      <Filter>Source Files</Filter>
    </ClCompile>
    <ClCompile Include="..\third-party\cryptopp\fipstest.cpp">
      <Filter>Source Files</Filter>
    </ClCompile>
    <ClCompile Include="..\third-party\cryptopp\gcm.cpp">
      <Filter>Source Files</Filter>
    </ClCompile>
    <ClCompile Include="..\third-party\cryptopp\gcm_simd.cpp">
      <Filter>Source Files</Filter>
    </ClCompile>
    <ClCompile Include="..\third-party\cryptopp\gf2_32.cpp">
      <Filter>Source Files</Filter>
    </ClCompile>
    <ClCompile Include="..\third-party\cryptopp\gf2n.cpp">
      <Filter>Source Files</Filter>
    </ClCompile>
    <ClCompile Include="..\third-party\cryptopp\gf2n_simd.cpp">
      <Filter>Source Files</Filter>
    </ClCompile>
    <ClCompile Include="..\third-party\cryptopp\gf256.cpp">
      <Filter>Source Files</Filter>
    </ClCompile>
    <ClCompile Include="..\third-party\cryptopp\gfpcrypt.cpp">
      <Filter>Source Files</Filter>
    </ClCompile>
    <ClCompile Include="..\third-party\cryptopp\gost.cpp">
      <Filter>Source Files</Filter>
    </ClCompile>
    <ClCompile Include="..\third-party\cryptopp\gzip.cpp">
      <Filter>Source Files</Filter>
    </ClCompile>
    <ClCompile Include="..\third-party\cryptopp\hc128.cpp">
      <Filter>Source Files</Filter>
    </ClCompile>
    <ClCompile Include="..\third-party\cryptopp\hc256.cpp">
      <Filter>Source Files</Filter>
    </ClCompile>
    <ClCompile Include="..\third-party\cryptopp\hex.cpp">
      <Filter>Source Files</Filter>
    </ClCompile>
    <ClCompile Include="..\third-party\cryptopp\hight.cpp">
      <Filter>Source Files</Filter>
    </ClCompile>
    <ClCompile Include="..\third-party\cryptopp\hmac.cpp">
      <Filter>Source Files</Filter>
    </ClCompile>
    <ClCompile Include="..\third-party\cryptopp\hrtimer.cpp">
      <Filter>Source Files</Filter>
    </ClCompile>
    <ClCompile Include="..\third-party\cryptopp\ida.cpp">
      <Filter>Source Files</Filter>
    </ClCompile>
    <ClCompile Include="..\third-party\cryptopp\idea.cpp">
      <Filter>Source Files</Filter>
    </ClCompile>
    <ClCompile Include="..\third-party\cryptopp\integer.cpp">
      <Filter>Source Files</Filter>
    </ClCompile>
    <ClCompile Include="..\third-party\cryptopp\iterhash.cpp">
      <Filter>Source Files</Filter>
    </ClCompile>
    <ClCompile Include="..\third-party\cryptopp\kalyna.cpp">
      <Filter>Source Files</Filter>
    </ClCompile>
    <ClCompile Include="..\third-party\cryptopp\kalynatab.cpp">
      <Filter>Source Files</Filter>
    </ClCompile>
    <ClCompile Include="..\third-party\cryptopp\keccak.cpp">
      <Filter>Source Files</Filter>
    </ClCompile>
    <ClCompile Include="..\third-party\cryptopp\keccak_core.cpp">
      <Filter>Source Files</Filter>
    </ClCompile>
    <ClCompile Include="..\third-party\cryptopp\keccak_simd.cpp">
      <Filter>Source Files</Filter>
    </ClCompile>
    <ClCompile Include="..\third-party\cryptopp\lea.cpp">
      <Filter>Source Files</Filter>
    </ClCompile>
    <ClCompile Include="..\third-party\cryptopp\lea_simd.cpp">
      <Filter>Source Files</Filter>
    </ClCompile>
    <ClCompile Include="..\third-party\cryptopp\luc.cpp">
      <Filter>Source Files</Filter>
    </ClCompile>
    <ClCompile Include="..\third-party\cryptopp\mars.cpp">
      <Filter>Source Files</Filter>
    </ClCompile>
    <ClCompile Include="..\third-party\cryptopp\marss.cpp">
      <Filter>Source Files</Filter>
    </ClCompile>
    <ClCompile Include="..\third-party\cryptopp\md2.cpp">
      <Filter>Source Files</Filter>
    </ClCompile>
    <ClCompile Include="..\third-party\cryptopp\md4.cpp">
      <Filter>Source Files</Filter>
    </ClCompile>
    <ClCompile Include="..\third-party\cryptopp\md5.cpp">
      <Filter>Source Files</Filter>
    </ClCompile>
    <ClCompile Include="..\third-party\cryptopp\misc.cpp">
      <Filter>Source Files</Filter>
    </ClCompile>
    <ClCompile Include="..\third-party\cryptopp\modes.cpp">
      <Filter>Source Files</Filter>
    </ClCompile>
    <ClCompile Include="..\third-party\cryptopp\mqueue.cpp">
      <Filter>Source Files</Filter>
    </ClCompile>
    <ClCompile Include="..\third-party\cryptopp\mqv.cpp">
      <Filter>Source Files</Filter>
    </ClCompile>
    <ClCompile Include="..\third-party\cryptopp\nbtheory.cpp">
      <Filter>Source Files</Filter>
    </ClCompile>
    <ClCompile Include="..\third-party\cryptopp\neon_simd.cpp">
      <Filter>Source Files</Filter>
    </ClCompile>
    <ClCompile Include="..\third-party\cryptopp\oaep.cpp">
      <Filter>Source Files</Filter>
    </ClCompile>
    <ClCompile Include="..\third-party\cryptopp\osrng.cpp">
      <Filter>Source Files</Filter>
    </ClCompile>
    <ClCompile Include="..\third-party\cryptopp\padlkrng.cpp">
      <Filter>Source Files</Filter>
    </ClCompile>
    <ClCompile Include="..\third-party\cryptopp\panama.cpp">
      <Filter>Source Files</Filter>
    </ClCompile>
    <ClCompile Include="..\third-party\cryptopp\pch.cpp">
      <Filter>Source Files</Filter>
    </ClCompile>
    <ClCompile Include="..\third-party\cryptopp\pkcspad.cpp">
      <Filter>Source Files</Filter>
    </ClCompile>
    <ClCompile Include="..\third-party\cryptopp\poly1305.cpp">
      <Filter>Source Files</Filter>
    </ClCompile>
    <ClCompile Include="..\third-party\cryptopp\polynomi.cpp">
      <Filter>Source Files</Filter>
    </ClCompile>
    <ClCompile Include="..\third-party\cryptopp\ppc_power7.cpp">
      <Filter>Source Files</Filter>
    </ClCompile>
    <ClCompile Include="..\third-party\cryptopp\ppc_power8.cpp">
      <Filter>Source Files</Filter>
    </ClCompile>
    <ClCompile Include="..\third-party\cryptopp\ppc_power9.cpp">
      <Filter>Source Files</Filter>
    </ClCompile>
    <ClCompile Include="..\third-party\cryptopp\ppc_simd.cpp">
      <Filter>Source Files</Filter>
    </ClCompile>
    <ClCompile Include="..\third-party\cryptopp\pssr.cpp">
      <Filter>Source Files</Filter>
    </ClCompile>
    <ClCompile Include="..\third-party\cryptopp\pubkey.cpp">
      <Filter>Source Files</Filter>
    </ClCompile>
    <ClCompile Include="..\third-party\cryptopp\queue.cpp">
      <Filter>Source Files</Filter>
    </ClCompile>
    <ClCompile Include="..\third-party\cryptopp\rabbit.cpp">
      <Filter>Source Files</Filter>
    </ClCompile>
    <ClCompile Include="..\third-party\cryptopp\rabin.cpp">
      <Filter>Source Files</Filter>
    </ClCompile>
    <ClCompile Include="..\third-party\cryptopp\randpool.cpp">
      <Filter>Source Files</Filter>
    </ClCompile>
    <ClCompile Include="..\third-party\cryptopp\rc2.cpp">
      <Filter>Source Files</Filter>
    </ClCompile>
    <ClCompile Include="..\third-party\cryptopp\rc5.cpp">
      <Filter>Source Files</Filter>
    </ClCompile>
    <ClCompile Include="..\third-party\cryptopp\rc6.cpp">
      <Filter>Source Files</Filter>
    </ClCompile>
    <ClCompile Include="..\third-party\cryptopp\rdrand.cpp">
      <Filter>Source Files</Filter>
    </ClCompile>
    <ClCompile Include="..\third-party\cryptopp\rdtables.cpp">
      <Filter>Source Files</Filter>
    </ClCompile>
    <ClCompile Include="..\third-party\cryptopp\regtest1.cpp">
      <Filter>Source Files</Filter>
    </ClCompile>
    <ClCompile Include="..\third-party\cryptopp\regtest2.cpp">
      <Filter>Source Files</Filter>
    </ClCompile>
    <ClCompile Include="..\third-party\cryptopp\regtest3.cpp">
      <Filter>Source Files</Filter>
    </ClCompile>
    <ClCompile Include="..\third-party\cryptopp\regtest4.cpp">
      <Filter>Source Files</Filter>
    </ClCompile>
    <ClCompile Include="..\third-party\cryptopp\rijndael.cpp">
      <Filter>Source Files</Filter>
    </ClCompile>
    <ClCompile Include="..\third-party\cryptopp\rijndael_simd.cpp">
      <Filter>Source Files</Filter>
    </ClCompile>
    <ClCompile Include="..\third-party\cryptopp\ripemd.cpp">
      <Filter>Source Files</Filter>
    </ClCompile>
    <ClCompile Include="..\third-party\cryptopp\rng.cpp">
      <Filter>Source Files</Filter>
    </ClCompile>
    <ClCompile Include="..\third-party\cryptopp\rsa.cpp">
      <Filter>Source Files</Filter>
    </ClCompile>
    <ClCompile Include="..\third-party\cryptopp\rw.cpp">
      <Filter>Source Files</Filter>
    </ClCompile>
    <ClCompile Include="..\third-party\cryptopp\safer.cpp">
      <Filter>Source Files</Filter>
    </ClCompile>
    <ClCompile Include="..\third-party\cryptopp\salsa.cpp">
      <Filter>Source Files</Filter>
    </ClCompile>
    <ClCompile Include="..\third-party\cryptopp\scrypt.cpp">
      <Filter>Source Files</Filter>
    </ClCompile>
    <ClCompile Include="..\third-party\cryptopp\seal.cpp">
      <Filter>Source Files</Filter>
    </ClCompile>
    <ClCompile Include="..\third-party\cryptopp\seed.cpp">
      <Filter>Source Files</Filter>
    </ClCompile>
    <ClCompile Include="..\third-party\cryptopp\serpent.cpp">
      <Filter>Source Files</Filter>
    </ClCompile>
    <ClCompile Include="..\third-party\cryptopp\sha.cpp">
      <Filter>Source Files</Filter>
    </ClCompile>
    <ClCompile Include="..\third-party\cryptopp\sha_simd.cpp">
      <Filter>Source Files</Filter>
    </ClCompile>
    <ClCompile Include="..\third-party\cryptopp\sha3.cpp">
      <Filter>Source Files</Filter>
    </ClCompile>
    <ClCompile Include="..\third-party\cryptopp\shacal2.cpp">
      <Filter>Source Files</Filter>
    </ClCompile>
    <ClCompile Include="..\third-party\cryptopp\shacal2_simd.cpp">
      <Filter>Source Files</Filter>
    </ClCompile>
    <ClCompile Include="..\third-party\cryptopp\shake.cpp">
      <Filter>Source Files</Filter>
    </ClCompile>
    <ClCompile Include="..\third-party\cryptopp\shark.cpp">
      <Filter>Source Files</Filter>
    </ClCompile>
    <ClCompile Include="..\third-party\cryptopp\sharkbox.cpp">
      <Filter>Source Files</Filter>
    </ClCompile>
    <ClCompile Include="..\third-party\cryptopp\simeck.cpp">
      <Filter>Source Files</Filter>
    </ClCompile>
    <ClCompile Include="..\third-party\cryptopp\simon.cpp">
      <Filter>Source Files</Filter>
    </ClCompile>
    <ClCompile Include="..\third-party\cryptopp\simon128_simd.cpp">
      <Filter>Source Files</Filter>
    </ClCompile>
    <ClCompile Include="..\third-party\cryptopp\simple.cpp">
      <Filter>Source Files</Filter>
    </ClCompile>
    <ClCompile Include="..\third-party\cryptopp\skipjack.cpp">
      <Filter>Source Files</Filter>
    </ClCompile>
    <ClCompile Include="..\third-party\cryptopp\sm3.cpp">
      <Filter>Source Files</Filter>
    </ClCompile>
    <ClCompile Include="..\third-party\cryptopp\sm4.cpp">
      <Filter>Source Files</Filter>
    </ClCompile>
    <ClCompile Include="..\third-party\cryptopp\sm4_simd.cpp">
      <Filter>Source Files</Filter>
    </ClCompile>
    <ClCompile Include="..\third-party\cryptopp\sosemanuk.cpp">
      <Filter>Source Files</Filter>
    </ClCompile>
    <ClCompile Include="..\third-party\cryptopp\speck.cpp">
      <Filter>Source Files</Filter>
    </ClCompile>
    <ClCompile Include="..\third-party\cryptopp\speck128_simd.cpp">
      <Filter>Source Files</Filter>
    </ClCompile>
    <ClCompile Include="..\third-party\cryptopp\square.cpp">
      <Filter>Source Files</Filter>
    </ClCompile>
    <ClCompile Include="..\third-party\cryptopp\squaretb.cpp">
      <Filter>Source Files</Filter>
    </ClCompile>
    <ClCompile Include="..\third-party\cryptopp\sse_simd.cpp">
      <Filter>Source Files</Filter>
    </ClCompile>
    <ClCompile Include="..\third-party\cryptopp\strciphr.cpp">
      <Filter>Source Files</Filter>
    </ClCompile>
    <ClCompile Include="..\third-party\cryptopp\tea.cpp">
      <Filter>Source Files</Filter>
    </ClCompile>
    <ClCompile Include="..\third-party\cryptopp\tftables.cpp">
      <Filter>Source Files</Filter>
    </ClCompile>
    <ClCompile Include="..\third-party\cryptopp\threefish.cpp">
      <Filter>Source Files</Filter>
    </ClCompile>
    <ClCompile Include="..\third-party\cryptopp\tiger.cpp">
      <Filter>Source Files</Filter>
    </ClCompile>
    <ClCompile Include="..\third-party\cryptopp\tigertab.cpp">
      <Filter>Source Files</Filter>
    </ClCompile>
    <ClCompile Include="..\third-party\cryptopp\ttmac.cpp">
      <Filter>Source Files</Filter>
    </ClCompile>
    <ClCompile Include="..\third-party\cryptopp\tweetnacl.cpp">
      <Filter>Source Files</Filter>
    </ClCompile>
    <ClCompile Include="..\third-party\cryptopp\twofish.cpp">
      <Filter>Source Files</Filter>
    </ClCompile>
    <ClCompile Include="..\third-party\cryptopp\validat0.cpp">
      <Filter>Source Files</Filter>
    </ClCompile>
    <ClCompile Include="..\third-party\cryptopp\validat1.cpp">
      <Filter>Source Files</Filter>
    </ClCompile>
    <ClCompile Include="..\third-party\cryptopp\validat2.cpp">
      <Filter>Source Files</Filter>
    </ClCompile>
    <ClCompile Include="..\third-party\cryptopp\validat3.cpp">
      <Filter>Source Files</Filter>
    </ClCompile>
    <ClCompile Include="..\third-party\cryptopp\validat4.cpp">
      <Filter>Source Files</Filter>
    </ClCompile>
    <ClCompile Include="..\third-party\cryptopp\validat5.cpp">
      <Filter>Source Files</Filter>
    </ClCompile>
    <ClCompile Include="..\third-party\cryptopp\validat6.cpp">
      <Filter>Source Files</Filter>
    </ClCompile>
    <ClCompile Include="..\third-party\cryptopp\validat7.cpp">
      <Filter>Source Files</Filter>
    </ClCompile>
    <ClCompile Include="..\third-party\cryptopp\validat8.cpp">
      <Filter>Source Files</Filter>
    </ClCompile>
    <ClCompile Include="..\third-party\cryptopp\validat9.cpp">
      <Filter>Source Files</Filter>
    </ClCompile>
    <ClCompile Include="..\third-party\cryptopp\validat10.cpp">
      <Filter>Source Files</Filter>
    </ClCompile>
    <ClCompile Include="..\third-party\cryptopp\vmac.cpp">
      <Filter>Source Files</Filter>
    </ClCompile>
    <ClCompile Include="..\third-party\cryptopp\wake.cpp">
      <Filter>Source Files</Filter>
    </ClCompile>
    <ClCompile Include="..\third-party\cryptopp\whrlpool.cpp">
      <Filter>Source Files</Filter>
    </ClCompile>
    <ClCompile Include="..\third-party\cryptopp\xed25519.cpp">
      <Filter>Source Files</Filter>
    </ClCompile>
    <ClCompile Include="..\third-party\cryptopp\xtr.cpp">
      <Filter>Source Files</Filter>
    </ClCompile>
    <ClCompile Include="..\third-party\cryptopp\xtrcrypt.cpp">
      <Filter>Source Files</Filter>
    </ClCompile>
    <ClCompile Include="..\third-party\cryptopp\xts.cpp">
      <Filter>Source Files</Filter>
    </ClCompile>
    <ClCompile Include="..\third-party\cryptopp\zdeflate.cpp">
      <Filter>Source Files</Filter>
    </ClCompile>
    <ClCompile Include="..\third-party\cryptopp\zinflate.cpp">
      <Filter>Source Files</Filter>
    </ClCompile>
    <ClCompile Include="..\third-party\cryptopp\zlib.cpp">
      <Filter>Source Files</Filter>
    </ClCompile>
    <ClCompile Include="..\third-party\cryptopp\test.cpp">
      <Filter>Source Files</Filter>
    </ClCompile>
    <ClCompile Include="Signature.cpp">
      <Filter>Source Files</Filter>
    </ClCompile>
    <ClCompile Include="Bank.cpp">
      <Filter>Source Files</Filter>
    </ClCompile>
    <ClCompile Include="Transaction.cpp">
      <Filter>Source Files</Filter>
    </ClCompile>
  </ItemGroup>
  <ItemGroup>
    <ClInclude Include="UserWithSigningAuthority.h">
      <Filter>Header Files</Filter>
    </ClInclude>
    <ClInclude Include="PrivateKey.h">
      <Filter>Header Files</Filter>
    </ClInclude>
    <ClInclude Include="PublicKey.h">
      <Filter>Header Files</Filter>
    </ClInclude>
    <ClInclude Include="..\third-party\cryptopp\3way.h">
      <Filter>Header Files</Filter>
    </ClInclude>
    <ClInclude Include="..\third-party\cryptopp\adler32.h">
      <Filter>Header Files</Filter>
    </ClInclude>
    <ClInclude Include="..\third-party\cryptopp\adv_simd.h">
      <Filter>Header Files</Filter>
    </ClInclude>
    <ClInclude Include="..\third-party\cryptopp\aes.h">
      <Filter>Header Files</Filter>
    </ClInclude>
    <ClInclude Include="..\third-party\cryptopp\aes_armv4.h">
      <Filter>Header Files</Filter>
    </ClInclude>
    <ClInclude Include="..\third-party\cryptopp\algebra.h">
      <Filter>Header Files</Filter>
    </ClInclude>
    <ClInclude Include="..\third-party\cryptopp\algparam.h">
      <Filter>Header Files</Filter>
    </ClInclude>
    <ClInclude Include="..\third-party\cryptopp\allocate.h">
      <Filter>Header Files</Filter>
    </ClInclude>
    <ClInclude Include="..\third-party\cryptopp\arc4.h">
      <Filter>Header Files</Filter>
    </ClInclude>
    <ClInclude Include="..\third-party\cryptopp\argnames.h">
      <Filter>Header Files</Filter>
    </ClInclude>
    <ClInclude Include="..\third-party\cryptopp\aria.h">
      <Filter>Header Files</Filter>
    </ClInclude>
    <ClInclude Include="..\third-party\cryptopp\arm_simd.h">
      <Filter>Header Files</Filter>
    </ClInclude>
    <ClInclude Include="..\third-party\cryptopp\asn.h">
      <Filter>Header Files</Filter>
    </ClInclude>
    <ClInclude Include="..\third-party\cryptopp\authenc.h">
      <Filter>Header Files</Filter>
    </ClInclude>
    <ClInclude Include="..\third-party\cryptopp\base32.h">
      <Filter>Header Files</Filter>
    </ClInclude>
    <ClInclude Include="..\third-party\cryptopp\base64.h">
      <Filter>Header Files</Filter>
    </ClInclude>
    <ClInclude Include="..\third-party\cryptopp\basecode.h">
      <Filter>Header Files</Filter>
    </ClInclude>
    <ClInclude Include="..\third-party\cryptopp\bench.h">
      <Filter>Header Files</Filter>
    </ClInclude>
    <ClInclude Include="..\third-party\cryptopp\blake2.h">
      <Filter>Header Files</Filter>
    </ClInclude>
    <ClInclude Include="..\third-party\cryptopp\blowfish.h">
      <Filter>Header Files</Filter>
    </ClInclude>
    <ClInclude Include="..\third-party\cryptopp\blumshub.h">
      <Filter>Header Files</Filter>
    </ClInclude>
    <ClInclude Include="..\third-party\cryptopp\camellia.h">
      <Filter>Header Files</Filter>
    </ClInclude>
    <ClInclude Include="..\third-party\cryptopp\cast.h">
      <Filter>Header Files</Filter>
    </ClInclude>
    <ClInclude Include="..\third-party\cryptopp\cbcmac.h">
      <Filter>Header Files</Filter>
    </ClInclude>
    <ClInclude Include="..\third-party\cryptopp\ccm.h">
      <Filter>Header Files</Filter>
    </ClInclude>
    <ClInclude Include="..\third-party\cryptopp\chacha.h">
      <Filter>Header Files</Filter>
    </ClInclude>
    <ClInclude Include="..\third-party\cryptopp\chachapoly.h">
      <Filter>Header Files</Filter>
    </ClInclude>
    <ClInclude Include="..\third-party\cryptopp\cham.h">
      <Filter>Header Files</Filter>
    </ClInclude>
    <ClInclude Include="..\third-party\cryptopp\channels.h">
      <Filter>Header Files</Filter>
    </ClInclude>
    <ClInclude Include="..\third-party\cryptopp\cmac.h">
      <Filter>Header Files</Filter>
    </ClInclude>
    <ClInclude Include="..\third-party\cryptopp\config.h">
      <Filter>Header Files</Filter>
    </ClInclude>
    <ClInclude Include="..\third-party\cryptopp\config_align.h">
      <Filter>Header Files</Filter>
    </ClInclude>
    <ClInclude Include="..\third-party\cryptopp\config_asm.h">
      <Filter>Header Files</Filter>
    </ClInclude>
    <ClInclude Include="..\third-party\cryptopp\config_cpu.h">
      <Filter>Header Files</Filter>
    </ClInclude>
    <ClInclude Include="..\third-party\cryptopp\config_cxx.h">
      <Filter>Header Files</Filter>
    </ClInclude>
    <ClInclude Include="..\third-party\cryptopp\config_dll.h">
      <Filter>Header Files</Filter>
    </ClInclude>
    <ClInclude Include="..\third-party\cryptopp\config_int.h">
      <Filter>Header Files</Filter>
    </ClInclude>
    <ClInclude Include="..\third-party\cryptopp\config_misc.h">
      <Filter>Header Files</Filter>
    </ClInclude>
    <ClInclude Include="..\third-party\cryptopp\config_ns.h">
      <Filter>Header Files</Filter>
    </ClInclude>
    <ClInclude Include="..\third-party\cryptopp\config_os.h">
      <Filter>Header Files</Filter>
    </ClInclude>
    <ClInclude Include="..\third-party\cryptopp\config_ver.h">
      <Filter>Header Files</Filter>
    </ClInclude>
    <ClInclude Include="..\third-party\cryptopp\cpu.h">
      <Filter>Header Files</Filter>
    </ClInclude>
    <ClInclude Include="..\third-party\cryptopp\crc.h">
      <Filter>Header Files</Filter>
    </ClInclude>
    <ClInclude Include="..\third-party\cryptopp\cryptlib.h">
      <Filter>Header Files</Filter>
    </ClInclude>
    <ClInclude Include="..\third-party\cryptopp\darn.h">
      <Filter>Header Files</Filter>
    </ClInclude>
    <ClInclude Include="..\third-party\cryptopp\default.h">
      <Filter>Header Files</Filter>
    </ClInclude>
    <ClInclude Include="..\third-party\cryptopp\des.h">
      <Filter>Header Files</Filter>
    </ClInclude>
    <ClInclude Include="..\third-party\cryptopp\dh.h">
      <Filter>Header Files</Filter>
    </ClInclude>
    <ClInclude Include="..\third-party\cryptopp\dh2.h">
      <Filter>Header Files</Filter>
    </ClInclude>
    <ClInclude Include="..\third-party\cryptopp\dll.h">
      <Filter>Header Files</Filter>
    </ClInclude>
    <ClInclude Include="..\third-party\cryptopp\dmac.h">
      <Filter>Header Files</Filter>
    </ClInclude>
    <ClInclude Include="..\third-party\cryptopp\donna.h">
      <Filter>Header Files</Filter>
    </ClInclude>
    <ClInclude Include="..\third-party\cryptopp\donna_32.h">
      <Filter>Header Files</Filter>
    </ClInclude>
    <ClInclude Include="..\third-party\cryptopp\donna_64.h">
      <Filter>Header Files</Filter>
    </ClInclude>
    <ClInclude Include="..\third-party\cryptopp\donna_sse.h">
      <Filter>Header Files</Filter>
    </ClInclude>
    <ClInclude Include="..\third-party\cryptopp\drbg.h">
      <Filter>Header Files</Filter>
    </ClInclude>
    <ClInclude Include="..\third-party\cryptopp\dsa.h">
      <Filter>Header Files</Filter>
    </ClInclude>
    <ClInclude Include="..\third-party\cryptopp\eax.h">
      <Filter>Header Files</Filter>
    </ClInclude>
    <ClInclude Include="..\third-party\cryptopp\ec2n.h">
      <Filter>Header Files</Filter>
    </ClInclude>
    <ClInclude Include="..\third-party\cryptopp\eccrypto.h">
      <Filter>Header Files</Filter>
    </ClInclude>
    <ClInclude Include="..\third-party\cryptopp\ecp.h">
      <Filter>Header Files</Filter>
    </ClInclude>
    <ClInclude Include="..\third-party\cryptopp\ecpoint.h">
      <Filter>Header Files</Filter>
    </ClInclude>
    <ClInclude Include="..\third-party\cryptopp\elgamal.h">
      <Filter>Header Files</Filter>
    </ClInclude>
    <ClInclude Include="..\third-party\cryptopp\emsa2.h">
      <Filter>Header Files</Filter>
    </ClInclude>
    <ClInclude Include="..\third-party\cryptopp\eprecomp.h">
      <Filter>Header Files</Filter>
    </ClInclude>
    <ClInclude Include="..\third-party\cryptopp\esign.h">
      <Filter>Header Files</Filter>
    </ClInclude>
    <ClInclude Include="..\third-party\cryptopp\factory.h">
      <Filter>Header Files</Filter>
    </ClInclude>
    <ClInclude Include="..\third-party\cryptopp\fhmqv.h">
      <Filter>Header Files</Filter>
    </ClInclude>
    <ClInclude Include="..\third-party\cryptopp\files.h">
      <Filter>Header Files</Filter>
    </ClInclude>
    <ClInclude Include="..\third-party\cryptopp\filters.h">
      <Filter>Header Files</Filter>
    </ClInclude>
    <ClInclude Include="..\third-party\cryptopp\fips140.h">
      <Filter>Header Files</Filter>
    </ClInclude>
    <ClInclude Include="..\third-party\cryptopp\fltrimpl.h">
      <Filter>Header Files</Filter>
    </ClInclude>
    <ClInclude Include="..\third-party\cryptopp\gcm.h">
      <Filter>Header Files</Filter>
    </ClInclude>
    <ClInclude Include="..\third-party\cryptopp\gf2_32.h">
      <Filter>Header Files</Filter>
    </ClInclude>
    <ClInclude Include="..\third-party\cryptopp\gf2n.h">
      <Filter>Header Files</Filter>
    </ClInclude>
    <ClInclude Include="..\third-party\cryptopp\gf256.h">
      <Filter>Header Files</Filter>
    </ClInclude>
    <ClInclude Include="..\third-party\cryptopp\gfpcrypt.h">
      <Filter>Header Files</Filter>
    </ClInclude>
    <ClInclude Include="..\third-party\cryptopp\gost.h">
      <Filter>Header Files</Filter>
    </ClInclude>
    <ClInclude Include="..\third-party\cryptopp\gzip.h">
      <Filter>Header Files</Filter>
    </ClInclude>
    <ClInclude Include="..\third-party\cryptopp\hashfwd.h">
      <Filter>Header Files</Filter>
    </ClInclude>
    <ClInclude Include="..\third-party\cryptopp\hc128.h">
      <Filter>Header Files</Filter>
    </ClInclude>
    <ClInclude Include="..\third-party\cryptopp\hc256.h">
      <Filter>Header Files</Filter>
    </ClInclude>
    <ClInclude Include="..\third-party\cryptopp\hex.h">
      <Filter>Header Files</Filter>
    </ClInclude>
    <ClInclude Include="..\third-party\cryptopp\hight.h">
      <Filter>Header Files</Filter>
    </ClInclude>
    <ClInclude Include="..\third-party\cryptopp\hkdf.h">
      <Filter>Header Files</Filter>
    </ClInclude>
    <ClInclude Include="..\third-party\cryptopp\hmac.h">
      <Filter>Header Files</Filter>
    </ClInclude>
    <ClInclude Include="..\third-party\cryptopp\hmqv.h">
      <Filter>Header Files</Filter>
    </ClInclude>
    <ClInclude Include="..\third-party\cryptopp\hrtimer.h">
      <Filter>Header Files</Filter>
    </ClInclude>
    <ClInclude Include="..\third-party\cryptopp\ida.h">
      <Filter>Header Files</Filter>
    </ClInclude>
    <ClInclude Include="..\third-party\cryptopp\idea.h">
      <Filter>Header Files</Filter>
    </ClInclude>
    <ClInclude Include="..\third-party\cryptopp\integer.h">
      <Filter>Header Files</Filter>
    </ClInclude>
    <ClInclude Include="..\third-party\cryptopp\iterhash.h">
      <Filter>Header Files</Filter>
    </ClInclude>
    <ClInclude Include="..\third-party\cryptopp\kalyna.h">
      <Filter>Header Files</Filter>
    </ClInclude>
    <ClInclude Include="..\third-party\cryptopp\keccak.h">
      <Filter>Header Files</Filter>
    </ClInclude>
    <ClInclude Include="..\third-party\cryptopp\lea.h">
      <Filter>Header Files</Filter>
    </ClInclude>
    <ClInclude Include="..\third-party\cryptopp\lubyrack.h">
      <Filter>Header Files</Filter>
    </ClInclude>
    <ClInclude Include="..\third-party\cryptopp\luc.h">
      <Filter>Header Files</Filter>
    </ClInclude>
    <ClInclude Include="..\third-party\cryptopp\mars.h">
      <Filter>Header Files</Filter>
    </ClInclude>
    <ClInclude Include="..\third-party\cryptopp\md2.h">
      <Filter>Header Files</Filter>
    </ClInclude>
    <ClInclude Include="..\third-party\cryptopp\md4.h">
      <Filter>Header Files</Filter>
    </ClInclude>
    <ClInclude Include="..\third-party\cryptopp\md5.h">
      <Filter>Header Files</Filter>
    </ClInclude>
    <ClInclude Include="..\third-party\cryptopp\mdc.h">
      <Filter>Header Files</Filter>
    </ClInclude>
    <ClInclude Include="..\third-party\cryptopp\mersenne.h">
      <Filter>Header Files</Filter>
    </ClInclude>
    <ClInclude Include="..\third-party\cryptopp\misc.h">
      <Filter>Header Files</Filter>
    </ClInclude>
    <ClInclude Include="..\third-party\cryptopp\modarith.h">
      <Filter>Header Files</Filter>
    </ClInclude>
    <ClInclude Include="..\third-party\cryptopp\modes.h">
      <Filter>Header Files</Filter>
    </ClInclude>
    <ClInclude Include="..\third-party\cryptopp\modexppc.h">
      <Filter>Header Files</Filter>
    </ClInclude>
    <ClInclude Include="..\third-party\cryptopp\mqueue.h">
      <Filter>Header Files</Filter>
    </ClInclude>
    <ClInclude Include="..\third-party\cryptopp\mqv.h">
      <Filter>Header Files</Filter>
    </ClInclude>
    <ClInclude Include="..\third-party\cryptopp\naclite.h">
      <Filter>Header Files</Filter>
    </ClInclude>
    <ClInclude Include="..\third-party\cryptopp\nbtheory.h">
      <Filter>Header Files</Filter>
    </ClInclude>
    <ClInclude Include="..\third-party\cryptopp\nr.h">
      <Filter>Header Files</Filter>
    </ClInclude>
    <ClInclude Include="..\third-party\cryptopp\oaep.h">
      <Filter>Header Files</Filter>
    </ClInclude>
    <ClInclude Include="..\third-party\cryptopp\oids.h">
      <Filter>Header Files</Filter>
    </ClInclude>
    <ClInclude Include="..\third-party\cryptopp\osrng.h">
      <Filter>Header Files</Filter>
    </ClInclude>
    <ClInclude Include="..\third-party\cryptopp\ossig.h">
      <Filter>Header Files</Filter>
    </ClInclude>
    <ClInclude Include="..\third-party\cryptopp\padlkrng.h">
      <Filter>Header Files</Filter>
    </ClInclude>
    <ClInclude Include="..\third-party\cryptopp\panama.h">
      <Filter>Header Files</Filter>
    </ClInclude>
    <ClInclude Include="..\third-party\cryptopp\pch.h">
      <Filter>Header Files</Filter>
    </ClInclude>
    <ClInclude Include="..\third-party\cryptopp\pkcspad.h">
      <Filter>Header Files</Filter>
    </ClInclude>
    <ClInclude Include="..\third-party\cryptopp\poly1305.h">
      <Filter>Header Files</Filter>
    </ClInclude>
    <ClInclude Include="..\third-party\cryptopp\polynomi.h">
      <Filter>Header Files</Filter>
    </ClInclude>
    <ClInclude Include="..\third-party\cryptopp\ppc_simd.h">
      <Filter>Header Files</Filter>
    </ClInclude>
    <ClInclude Include="..\third-party\cryptopp\pssr.h">
      <Filter>Header Files</Filter>
    </ClInclude>
    <ClInclude Include="..\third-party\cryptopp\pubkey.h">
      <Filter>Header Files</Filter>
    </ClInclude>
    <ClInclude Include="..\third-party\cryptopp\pwdbased.h">
      <Filter>Header Files</Filter>
    </ClInclude>
    <ClInclude Include="..\third-party\cryptopp\queue.h">
      <Filter>Header Files</Filter>
    </ClInclude>
    <ClInclude Include="..\third-party\cryptopp\rabbit.h">
      <Filter>Header Files</Filter>
    </ClInclude>
    <ClInclude Include="..\third-party\cryptopp\rabin.h">
      <Filter>Header Files</Filter>
    </ClInclude>
    <ClInclude Include="..\third-party\cryptopp\randpool.h">
      <Filter>Header Files</Filter>
    </ClInclude>
    <ClInclude Include="..\third-party\cryptopp\rc2.h">
      <Filter>Header Files</Filter>
    </ClInclude>
    <ClInclude Include="..\third-party\cryptopp\rc5.h">
      <Filter>Header Files</Filter>
    </ClInclude>
    <ClInclude Include="..\third-party\cryptopp\rc6.h">
      <Filter>Header Files</Filter>
    </ClInclude>
    <ClInclude Include="..\third-party\cryptopp\rdrand.h">
      <Filter>Header Files</Filter>
    </ClInclude>
    <ClInclude Include="..\third-party\cryptopp\resource.h">
      <Filter>Header Files</Filter>
    </ClInclude>
    <ClInclude Include="..\third-party\cryptopp\rijndael.h">
      <Filter>Header Files</Filter>
    </ClInclude>
    <ClInclude Include="..\third-party\cryptopp\ripemd.h">
      <Filter>Header Files</Filter>
    </ClInclude>
    <ClInclude Include="..\third-party\cryptopp\rng.h">
      <Filter>Header Files</Filter>
    </ClInclude>
    <ClInclude Include="..\third-party\cryptopp\rsa.h">
      <Filter>Header Files</Filter>
    </ClInclude>
    <ClInclude Include="..\third-party\cryptopp\rw.h">
      <Filter>Header Files</Filter>
    </ClInclude>
    <ClInclude Include="..\third-party\cryptopp\safer.h">
      <Filter>Header Files</Filter>
    </ClInclude>
    <ClInclude Include="..\third-party\cryptopp\salsa.h">
      <Filter>Header Files</Filter>
    </ClInclude>
    <ClInclude Include="..\third-party\cryptopp\scrypt.h">
      <Filter>Header Files</Filter>
    </ClInclude>
    <ClInclude Include="..\third-party\cryptopp\seal.h">
      <Filter>Header Files</Filter>
    </ClInclude>
    <ClInclude Include="..\third-party\cryptopp\secblock.h">
      <Filter>Header Files</Filter>
    </ClInclude>
    <ClInclude Include="..\third-party\cryptopp\secblockfwd.h">
      <Filter>Header Files</Filter>
    </ClInclude>
    <ClInclude Include="..\third-party\cryptopp\seckey.h">
      <Filter>Header Files</Filter>
    </ClInclude>
    <ClInclude Include="..\third-party\cryptopp\seed.h">
      <Filter>Header Files</Filter>
    </ClInclude>
    <ClInclude Include="..\third-party\cryptopp\serpent.h">
      <Filter>Header Files</Filter>
    </ClInclude>
    <ClInclude Include="..\third-party\cryptopp\serpentp.h">
      <Filter>Header Files</Filter>
    </ClInclude>
    <ClInclude Include="..\third-party\cryptopp\sha.h">
      <Filter>Header Files</Filter>
    </ClInclude>
    <ClInclude Include="..\third-party\cryptopp\sha1_armv4.h">
      <Filter>Header Files</Filter>
    </ClInclude>
    <ClInclude Include="..\third-party\cryptopp\sha3.h">
      <Filter>Header Files</Filter>
    </ClInclude>
    <ClInclude Include="..\third-party\cryptopp\sha256_armv4.h">
      <Filter>Header Files</Filter>
    </ClInclude>
    <ClInclude Include="..\third-party\cryptopp\sha512_armv4.h">
      <Filter>Header Files</Filter>
    </ClInclude>
    <ClInclude Include="..\third-party\cryptopp\shacal2.h">
      <Filter>Header Files</Filter>
    </ClInclude>
    <ClInclude Include="..\third-party\cryptopp\shake.h">
      <Filter>Header Files</Filter>
    </ClInclude>
    <ClInclude Include="..\third-party\cryptopp\shark.h">
      <Filter>Header Files</Filter>
    </ClInclude>
    <ClInclude Include="..\third-party\cryptopp\simeck.h">
      <Filter>Header Files</Filter>
    </ClInclude>
    <ClInclude Include="..\third-party\cryptopp\simon.h">
      <Filter>Header Files</Filter>
    </ClInclude>
    <ClInclude Include="..\third-party\cryptopp\simple.h">
      <Filter>Header Files</Filter>
    </ClInclude>
    <ClInclude Include="..\third-party\cryptopp\siphash.h">
      <Filter>Header Files</Filter>
    </ClInclude>
    <ClInclude Include="..\third-party\cryptopp\skipjack.h">
      <Filter>Header Files</Filter>
    </ClInclude>
    <ClInclude Include="..\third-party\cryptopp\sm3.h">
      <Filter>Header Files</Filter>
    </ClInclude>
    <ClInclude Include="..\third-party\cryptopp\sm4.h">
      <Filter>Header Files</Filter>
    </ClInclude>
    <ClInclude Include="..\third-party\cryptopp\smartptr.h">
      <Filter>Header Files</Filter>
    </ClInclude>
    <ClInclude Include="..\third-party\cryptopp\sosemanuk.h">
      <Filter>Header Files</Filter>
    </ClInclude>
    <ClInclude Include="..\third-party\cryptopp\speck.h">
      <Filter>Header Files</Filter>
    </ClInclude>
    <ClInclude Include="..\third-party\cryptopp\square.h">
      <Filter>Header Files</Filter>
    </ClInclude>
    <ClInclude Include="..\third-party\cryptopp\stdcpp.h">
      <Filter>Header Files</Filter>
    </ClInclude>
    <ClInclude Include="..\third-party\cryptopp\strciphr.h">
      <Filter>Header Files</Filter>
    </ClInclude>
    <ClInclude Include="..\third-party\cryptopp\tea.h">
      <Filter>Header Files</Filter>
    </ClInclude>
    <ClInclude Include="..\third-party\cryptopp\threefish.h">
      <Filter>Header Files</Filter>
    </ClInclude>
    <ClInclude Include="..\third-party\cryptopp\tiger.h">
      <Filter>Header Files</Filter>
    </ClInclude>
    <ClInclude Include="..\third-party\cryptopp\trap.h">
      <Filter>Header Files</Filter>
    </ClInclude>
    <ClInclude Include="..\third-party\cryptopp\trunhash.h">
      <Filter>Header Files</Filter>
    </ClInclude>
    <ClInclude Include="..\third-party\cryptopp\ttmac.h">
      <Filter>Header Files</Filter>
    </ClInclude>
    <ClInclude Include="..\third-party\cryptopp\tweetnacl.h">
      <Filter>Header Files</Filter>
    </ClInclude>
    <ClInclude Include="..\third-party\cryptopp\twofish.h">
      <Filter>Header Files</Filter>
    </ClInclude>
    <ClInclude Include="..\third-party\cryptopp\validate.h">
      <Filter>Header Files</Filter>
    </ClInclude>
    <ClInclude Include="..\third-party\cryptopp\vmac.h">
      <Filter>Header Files</Filter>
    </ClInclude>
    <ClInclude Include="..\third-party\cryptopp\wake.h">
      <Filter>Header Files</Filter>
    </ClInclude>
    <ClInclude Include="..\third-party\cryptopp\whrlpool.h">
      <Filter>Header Files</Filter>
    </ClInclude>
    <ClInclude Include="..\third-party\cryptopp\words.h">
      <Filter>Header Files</Filter>
    </ClInclude>
    <ClInclude Include="..\third-party\cryptopp\xed25519.h">
      <Filter>Header Files</Filter>
    </ClInclude>
    <ClInclude Include="..\third-party\cryptopp\xtr.h">
      <Filter>Header Files</Filter>
    </ClInclude>
    <ClInclude Include="..\third-party\cryptopp\xtrcrypt.h">
      <Filter>Header Files</Filter>
    </ClInclude>
    <ClInclude Include="..\third-party\cryptopp\xts.h">
      <Filter>Header Files</Filter>
    </ClInclude>
    <ClInclude Include="..\third-party\cryptopp\zdeflate.h">
      <Filter>Header Files</Filter>
    </ClInclude>
    <ClInclude Include="..\third-party\cryptopp\zinflate.h">
      <Filter>Header Files</Filter>
    </ClInclude>
    <ClInclude Include="..\third-party\cryptopp\zlib.h">
      <Filter>Header Files</Filter>
    </ClInclude>
    <ClInclude Include="Signature.h">
      <Filter>Header Files</Filter>
    </ClInclude>
    <ClInclude Include="Bank.h">
      <Filter>Header Files</Filter>
    </ClInclude>
    <ClInclude Include="Transaction.h">
      <Filter>Header Files</Filter>
    </ClInclude>
  </ItemGroup>
  <ItemGroup>
    <Library Include="..\third-party\cryptopp\cryptlib.lib" />
    <Library Include="..\third-party\cryptopp\cryptlibd.lib" />
  </ItemGroup>
  <ItemGroup>
    <None Include="..\third-party\cryptopp\cryptlib.pdb" />
    <None Include="..\third-party\cryptopp\cryptlibd.pdb" />
  </ItemGroup>
</Project>